{
  "name": "budgtr",
  "lockfileVersion": 2,
  "requires": true,
  "packages": {
    "": {
      "dependencies": {
        "method": "^2.0.0",
        "override": "^0.0.1"
      }
    },
    "node_modules/method": {
      "version": "2.0.0",
      "resolved": "https://registry.npmjs.org/method/-/method-2.0.0.tgz",
      "integrity": "sha512-JqK3SsKDlfW1+6HzlDcpsOBPyEA+gzKUN/3OG3yc6mvbcF/OyKd+OVJRht4TFABOpXV6IQVcc2kt1u5fWNjFCg=="
    },
    "node_modules/override": {
      "version": "0.0.1",
      "resolved": "https://registry.npmjs.org/override/-/override-0.0.1.tgz",
      "integrity": "sha512-sZQwo5JUh+Tghk9R9SbsyNI66hjVqR5z0dfqHidx7dDMY9qfBSDnL2KdxNPZuOdlYuB2/GU1fdi2ng2KuGZdGA==",
      "bin": {
        "node-override": "bin/node-override"
      },
      "engines": {
        "node": "*"
      }
    }
  },
  "dependencies": {
    "method": {
      "version": "2.0.0",
      "resolved": "https://registry.npmjs.org/method/-/method-2.0.0.tgz",
      "integrity": "sha512-JqK3SsKDlfW1+6HzlDcpsOBPyEA+gzKUN/3OG3yc6mvbcF/OyKd+OVJRht4TFABOpXV6IQVcc2kt1u5fWNjFCg=="
    },
    "override": {
      "version": "0.0.1",
      "resolved": "https://registry.npmjs.org/override/-/override-0.0.1.tgz",
      "integrity": "sha512-sZQwo5JUh+Tghk9R9SbsyNI66hjVqR5z0dfqHidx7dDMY9qfBSDnL2KdxNPZuOdlYuB2/GU1fdi2ng2KuGZdGA=="
    }
  }
}
